
Microsoft Visual Studio Solution File, Format Version 12.00
# Visual Studio Version 17
VisualStudioVersion = 17.8.34330.188
MinimumVisualStudioVersion = 10.0.40219.1
Project("{FAE04EC0-301F-11D3-BF4B-00C04F79EFBC}") = "WebForm", "WebForm\WebForm.csproj", "{DBF99FD2-49FB-4F69-9D6D-B3521D7FA533}"
EndProject
Global
	GlobalSection(SolutionConfigurationPlatforms) = preSolution
		Debug|Any CPU = Debug|Any CPU
		Release|Any CPU = Release|Any CPU
	EndGlobalSection
	GlobalSection(ProjectConfigurationPlatforms) = postSolution
		{DBF99FD2-49FB-4F69-9D6D-B3521D7FA533}.Debug|Any CPU.ActiveCfg = Debug|Any CPU
		{DBF99FD2-49FB-4F69-9D6D-B3521D7FA533}.Debug|Any CPU.Build.0 = Debug|Any CPU
		{DBF99FD2-49FB-4F69-9D6D-B3521D7FA533}.Release|Any CPU.ActiveCfg = Release|Any CPU
		{DBF99FD2-49FB-4F69-9D6D-B3521D7FA533}.Release|Any CPU.Build.0 = Release|Any CPU
	EndGlobalSection
	GlobalSection(SolutionProperties) = preSolution
		HideSolutionNode = FALSE
	EndGlobalSection
	GlobalSection(ExtensibilityGlobals) = postSolution
		SolutionGuid = {99C6CBCC-922C-4869-80C3-687148F94240}
	EndGlobalSection
EndGlobal
